
Microsoft Visual Studio Solution File, Format Version 12.00
# Visual Studio Version 17
VisualStudioVersion = 17.7.34031.279
MinimumVisualStudioVersion = 10.0.40219.1
Project("{9A19103F-16F7-4668-BE54-9A1E7A4F7556}") = "BlazorCRUDApp", "BlazorCRUDApp\BlazorCRUDApp.csproj", "{D0FB1529-1893-403E-A25E-BEFA7F279FFF}"
EndProject
Global
	GlobalSection(SolutionConfigurationPlatforms) = preSolution
		Debug|Any CPU = Debug|Any CPU
		Release|Any CPU = Release|Any CPU
	EndGlobalSection
	GlobalSection(ProjectConfigurationPlatforms) = postSolution
		{D0FB1529-1893-403E-A25E-BEFA7F279FFF}.Debug|Any CPU.ActiveCfg = Debug|Any CPU
		{D0FB1529-1893-403E-A25E-BEFA7F279FFF}.Debug|Any CPU.Build.0 = Debug|Any CPU
		{D0FB1529-1893-403E-A25E-BEFA7F279FFF}.Release|Any CPU.ActiveCfg = Release|Any CPU
		{D0FB1529-1893-403E-A25E-BEFA7F279FFF}.Release|Any CPU.Build.0 = Release|Any CPU
	EndGlobalSection
	GlobalSection(SolutionProperties) = preSolution
		HideSolutionNode = FALSE
	EndGlobalSection
	GlobalSection(ExtensibilityGlobals) = postSolution
		SolutionGuid = {0F384593-8CE3-4864-8829-83735997A517}
	EndGlobalSection
EndGlobal
